
Microsoft Visual Studio Solution File, Format Version 12.00
Project("{FAE04EC0-301F-11D3-BF4B-00C04F79EFBC}") = "Exo", "Exo\Exo.csproj", "{EFEC0B16-4DA1-45DB-83A6-2A02BD6468E9}"
EndProject
Project("{FAE04EC0-301F-11D3-BF4B-00C04F79EFBC}") = "Exo.Compiler", "Exo.Compiler\Exo.Compiler.csproj", "{26E8FDBA-9FC1-419D-BD56-2FFDFC5D4DDF}"
EndProject
Project("{FAE04EC0-301F-11D3-BF4B-00C04F79EFBC}") = "Exo.Tests", "Exo.Tests\Exo.Tests.csproj", "{BA4E9ACD-9A4A-4514-92E1-86E0ED3B635A}"
EndProject
Global
	GlobalSection(SolutionConfigurationPlatforms) = preSolution
		Debug|Any CPU = Debug|Any CPU
		Release|Any CPU = Release|Any CPU
	EndGlobalSection
	GlobalSection(ProjectConfigurationPlatforms) = postSolution
		{EFEC0B16-4DA1-45DB-83A6-2A02BD6468E9}.Debug|Any CPU.ActiveCfg = Debug|Any CPU
		{EFEC0B16-4DA1-45DB-83A6-2A02BD6468E9}.Debug|Any CPU.Build.0 = Debug|Any CPU
		{EFEC0B16-4DA1-45DB-83A6-2A02BD6468E9}.Release|Any CPU.ActiveCfg = Release|Any CPU
		{EFEC0B16-4DA1-45DB-83A6-2A02BD6468E9}.Release|Any CPU.Build.0 = Release|Any CPU
		{26E8FDBA-9FC1-419D-BD56-2FFDFC5D4DDF}.Debug|Any CPU.ActiveCfg = Debug|Any CPU
		{26E8FDBA-9FC1-419D-BD56-2FFDFC5D4DDF}.Debug|Any CPU.Build.0 = Debug|Any CPU
		{26E8FDBA-9FC1-419D-BD56-2FFDFC5D4DDF}.Release|Any CPU.ActiveCfg = Release|Any CPU
		{26E8FDBA-9FC1-419D-BD56-2FFDFC5D4DDF}.Release|Any CPU.Build.0 = Release|Any CPU
		{BA4E9ACD-9A4A-4514-92E1-86E0ED3B635A}.Debug|Any CPU.ActiveCfg = Debug|Any CPU
		{BA4E9ACD-9A4A-4514-92E1-86E0ED3B635A}.Debug|Any CPU.Build.0 = Debug|Any CPU
		{BA4E9ACD-9A4A-4514-92E1-86E0ED3B635A}.Release|Any CPU.ActiveCfg = Release|Any CPU
		{BA4E9ACD-9A4A-4514-92E1-86E0ED3B635A}.Release|Any CPU.Build.0 = Release|Any CPU
	EndGlobalSection
EndGlobal
